// !$*UTF8*$!
{
	archiveVersion = 1;
	classes = {
	};
	objectVersion = 56;
	objects = {

/* Begin PBXBuildFile section */
		13B2C4D22BE7C30500E22C53 /* AppDelegate.m in Sources */ = {isa = PBXBuildFile; fileRef = 13B2C4D12BE7C30500E22C53 /* AppDelegate.m */; };
		13B2C4D52BE7C30500E22C53 /* SceneDelegate.m in Sources */ = {isa = PBXBuildFile; fileRef = 13B2C4D42BE7C30500E22C53 /* SceneDelegate.m */; };
		13B2C4D82BE7C30500E22C53 /* ViewController.m in Sources */ = {isa = PBXBuildFile; fileRef = 13B2C4D72BE7C30500E22C53 /* ViewController.m */; };
		13B2C4DB2BE7C30500E22C53 /* Main.storyboard in Resources */ = {isa = PBXBuildFile; fileRef = 13B2C4D92BE7C30500E22C53 /* Main.storyboard */; };
		13B2C4DD2BE7C30500E22C53 /* Assets.xcassets in Resources */ = {isa = PBXBuildFile; fileRef = 13B2C4DC2BE7C30500E22C53 /* Assets.xcassets */; };
		13B2C4E02BE7C30500E22C53 /* LaunchScreen.storyboard in Resources */ = {isa = PBXBuildFile; fileRef = 13B2C4DE2BE7C30500E22C53 /* LaunchScreen.storyboard */; };
		13B2C4E32BE7C30500E22C53 /* main.m in Sources */ = {isa = PBXBuildFile; fileRef = 13B2C4E22BE7C30500E22C53 /* main.m */; };
		13B2C4ED2BE7C30600E22C53 /* YXLogTests.m in Sources */ = {isa = PBXBuildFile; fileRef = 13B2C4EC2BE7C30600E22C53 /* YXLogTests.m */; };
		13B2C4F72BE7C30600E22C53 /* YXLogUITests.m in Sources */ = {isa = PBXBuildFile; fileRef = 13B2C4F62BE7C30600E22C53 /* YXLogUITests.m */; };
		13B2C4F92BE7C30600E22C53 /* YXLogUITestsLaunchTests.m in Sources */ = {isa = PBXBuildFile; fileRef = 13B2C4F82BE7C30600E22C53 /* YXLogUITestsLaunchTests.m */; };
		13B2C5072BE7C40500E22C53 /* YXLog.m in Sources */ = {isa = PBXBuildFile; fileRef = 13B2C5062BE7C40500E22C53 /* YXLog.m */; };
		13B2C5212BE7C79800E22C53 /* MJPropertyType.m in Sources */ = {isa = PBXBuildFile; fileRef = 13B2C50F2BE7C79800E22C53 /* MJPropertyType.m */; };
		13B2C5222BE7C79800E22C53 /* NSObject+MJKeyValue.m in Sources */ = {isa = PBXBuildFile; fileRef = 13B2C5122BE7C79800E22C53 /* NSObject+MJKeyValue.m */; };
		13B2C5232BE7C79800E22C53 /* MJProperty.m in Sources */ = {isa = PBXBuildFile; fileRef = 13B2C5132BE7C79800E22C53 /* MJProperty.m */; };
		13B2C5242BE7C79800E22C53 /* NSObject+MJCoding.m in Sources */ = {isa = PBXBuildFile; fileRef = 13B2C5152BE7C79800E22C53 /* NSObject+MJCoding.m */; };
		13B2C5252BE7C79800E22C53 /* MJExtensionConst.m in Sources */ = {isa = PBXBuildFile; fileRef = 13B2C5172BE7C79800E22C53 /* MJExtensionConst.m */; };
		13B2C5262BE7C79800E22C53 /* NSObject+MJProperty.m in Sources */ = {isa = PBXBuildFile; fileRef = 13B2C5182BE7C79800E22C53 /* NSObject+MJProperty.m */; };
		13B2C5272BE7C79800E22C53 /* NSObject+MJClass.m in Sources */ = {isa = PBXBuildFile; fileRef = 13B2C51A2BE7C79800E22C53 /* NSObject+MJClass.m */; };
		13B2C5282BE7C79800E22C53 /* NSString+MJExtension.m in Sources */ = {isa = PBXBuildFile; fileRef = 13B2C51B2BE7C79800E22C53 /* NSString+MJExtension.m */; };
		13B2C5292BE7C79800E22C53 /* MJPropertyKey.m in Sources */ = {isa = PBXBuildFile; fileRef = 13B2C51C2BE7C79800E22C53 /* MJPropertyKey.m */; };
		13B2C52A2BE7C79800E22C53 /* MJFoundation.m in Sources */ = {isa = PBXBuildFile; fileRef = 13B2C5202BE7C79800E22C53 /* MJFoundation.m */; };
		13B2C5302BE7C8A500E22C53 /* NSDate+Extension.m in Sources */ = {isa = PBXBuildFile; fileRef = 13B2C52F2BE7C8A500E22C53 /* NSDate+Extension.m */; };
		13B2C5342BE7D45200E22C53 /* fishhook.c in Sources */ = {isa = PBXBuildFile; fileRef = 13B2C5322BE7D45200E22C53 /* fishhook.c */; };
/* End PBXBuildFile section */

/* Begin PBXContainerItemProxy section */
		13B2C4E92BE7C30600E22C53 /* PBXContainerItemProxy */ = {
			isa = PBXContainerItemProxy;
			containerPortal = 13B2C4C52BE7C30500E22C53 /* Project object */;
			proxyType = 1;
			remoteGlobalIDString = 13B2C4CC2BE7C30500E22C53;
			remoteInfo = YXLog;
		};
		13B2C4F32BE7C30600E22C53 /* PBXContainerItemProxy */ = {
			isa = PBXContainerItemProxy;
			containerPortal = 13B2C4C52BE7C30500E22C53 /* Project object */;
			proxyType = 1;
			remoteGlobalIDString = 13B2C4CC2BE7C30500E22C53;
			remoteInfo = YXLog;
		};
/* End PBXContainerItemProxy section */

/* Begin PBXFileReference section */
		13B2C4CD2BE7C30500E22C53 /* YXLog.app */ = {isa = PBXFileReference; explicitFileType = wrapper.application; includeInIndex = 0; path = YXLog.app; sourceTree = BUILT_PRODUCTS_DIR; };
		13B2C4D02BE7C30500E22C53 /* AppDelegate.h */ = {isa = PBXFileReference; lastKnownFileType = sourcecode.c.h; path = AppDelegate.h; sourceTree = "<group>"; };
		13B2C4D12BE7C30500E22C53 /* AppDelegate.m */ = {isa = PBXFileReference; lastKnownFileType = sourcecode.c.objc; path = AppDelegate.m; sourceTree = "<group>"; };
		13B2C4D32BE7C30500E22C53 /* SceneDelegate.h */ = {isa = PBXFileReference; lastKnownFileType = sourcecode.c.h; path = SceneDelegate.h; sourceTree = "<group>"; };
		13B2C4D42BE7C30500E22C53 /* SceneDelegate.m */ = {isa = PBXFileReference; lastKnownFileType = sourcecode.c.objc; path = SceneDelegate.m; sourceTree = "<group>"; };
		13B2C4D62BE7C30500E22C53 /* ViewController.h */ = {isa = PBXFileReference; lastKnownFileType = sourcecode.c.h; path = ViewController.h; sourceTree = "<group>"; };
		13B2C4D72BE7C30500E22C53 /* ViewController.m */ = {isa = PBXFileReference; lastKnownFileType = sourcecode.c.objc; path = ViewController.m; sourceTree = "<group>"; };
		13B2C4DA2BE7C30500E22C53 /* Base */ = {isa = PBXFileReference; lastKnownFileType = file.storyboard; name = Base; path = Base.lproj/Main.storyboard; sourceTree = "<group>"; };
		13B2C4DC2BE7C30500E22C53 /* Assets.xcassets */ = {isa = PBXFileReference; lastKnownFileType = folder.assetcatalog; path = Assets.xcassets; sourceTree = "<group>"; };
		13B2C4DF2BE7C30500E22C53 /* Base */ = {isa = PBXFileReference; lastKnownFileType = file.storyboard; name = Base; path = Base.lproj/LaunchScreen.storyboard; sourceTree = "<group>"; };
		13B2C4E12BE7C30500E22C53 /* Info.plist */ = {isa = PBXFileReference; lastKnownFileType = text.plist.xml; path = Info.plist; sourceTree = "<group>"; };
		13B2C4E22BE7C30500E22C53 /* main.m */ = {isa = PBXFileReference; lastKnownFileType = sourcecode.c.objc; path = main.m; sourceTree = "<group>"; };
		13B2C4E82BE7C30600E22C53 /* YXLogTests.xctest */ = {isa = PBXFileReference; explicitFileType = wrapper.cfbundle; includeInIndex = 0; path = YXLogTests.xctest; sourceTree = BUILT_PRODUCTS_DIR; };
		13B2C4EC2BE7C30600E22C53 /* YXLogTests.m */ = {isa = PBXFileReference; lastKnownFileType = sourcecode.c.objc; path = YXLogTests.m; sourceTree = "<group>"; };
		13B2C4F22BE7C30600E22C53 /* YXLogUITests.xctest */ = {isa = PBXFileReference; explicitFileType = wrapper.cfbundle; includeInIndex = 0; path = YXLogUITests.xctest; sourceTree = BUILT_PRODUCTS_DIR; };
		13B2C4F62BE7C30600E22C53 /* YXLogUITests.m */ = {isa = PBXFileReference; lastKnownFileType = sourcecode.c.objc; path = YXLogUITests.m; sourceTree = "<group>"; };
		13B2C4F82BE7C30600E22C53 /* YXLogUITestsLaunchTests.m */ = {isa = PBXFileReference; lastKnownFileType = sourcecode.c.objc; path = YXLogUITestsLaunchTests.m; sourceTree = "<group>"; };
		13B2C5052BE7C40500E22C53 /* YXLog.h */ = {isa = PBXFileReference; lastKnownFileType = sourcecode.c.h; path = YXLog.h; sourceTree = "<group>"; };
		13B2C5062BE7C40500E22C53 /* YXLog.m */ = {isa = PBXFileReference; lastKnownFileType = sourcecode.c.objc; path = YXLog.m; sourceTree = "<group>"; };
		13B2C50C2BE7C79800E22C53 /* MJPropertyKey.h */ = {isa = PBXFileReference; fileEncoding = 4; lastKnownFileType = sourcecode.c.h; path = MJPropertyKey.h; sourceTree = "<group>"; };
		13B2C50D2BE7C79800E22C53 /* NSObject+MJClass.h */ = {isa = PBXFileReference; fileEncoding = 4; lastKnownFileType = sourcecode.c.h; path = "NSObject+MJClass.h"; sourceTree = "<group>"; };
		13B2C50E2BE7C79800E22C53 /* NSString+MJExtension.h */ = {isa = PBXFileReference; fileEncoding = 4; lastKnownFileType = sourcecode.c.h; path = "NSString+MJExtension.h"; sourceTree = "<group>"; };
		13B2C50F2BE7C79800E22C53 /* MJPropertyType.m */ = {isa = PBXFileReference; fileEncoding = 4; lastKnownFileType = sourcecode.c.objc; path = MJPropertyType.m; sourceTree = "<group>"; };
		13B2C5102BE7C79800E22C53 /* NSObject+MJProperty.h */ = {isa = PBXFileReference; fileEncoding = 4; lastKnownFileType = sourcecode.c.h; path = "NSObject+MJProperty.h"; sourceTree = "<group>"; };
		13B2C5112BE7C79800E22C53 /* MJExtensionConst.h */ = {isa = PBXFileReference; fileEncoding = 4; lastKnownFileType = sourcecode.c.h; path = MJExtensionConst.h; sourceTree = "<group>"; };
		13B2C5122BE7C79800E22C53 /* NSObject+MJKeyValue.m */ = {isa = PBXFileReference; fileEncoding = 4; lastKnownFileType = sourcecode.c.objc; path = "NSObject+MJKeyValue.m"; sourceTree = "<group>"; };
		13B2C5132BE7C79800E22C53 /* MJProperty.m */ = {isa = PBXFileReference; fileEncoding = 4; lastKnownFileType = sourcecode.c.objc; path = MJProperty.m; sourceTree = "<group>"; };
		13B2C5142BE7C79800E22C53 /* MJFoundation.h */ = {isa = PBXFileReference; fileEncoding = 4; lastKnownFileType = sourcecode.c.h; path = MJFoundation.h; sourceTree = "<group>"; };
		13B2C5152BE7C79800E22C53 /* NSObject+MJCoding.m */ = {isa = PBXFileReference; fileEncoding = 4; lastKnownFileType = sourcecode.c.objc; path = "NSObject+MJCoding.m"; sourceTree = "<group>"; };
		13B2C5162BE7C79800E22C53 /* MJExtension.h */ = {isa = PBXFileReference; fileEncoding = 4; lastKnownFileType = sourcecode.c.h; path = MJExtension.h; sourceTree = "<group>"; };
		13B2C5172BE7C79800E22C53 /* MJExtensionConst.m */ = {isa = PBXFileReference; fileEncoding = 4; lastKnownFileType = sourcecode.c.objc; path = MJExtensionConst.m; sourceTree = "<group>"; };
		13B2C5182BE7C79800E22C53 /* NSObject+MJProperty.m */ = {isa = PBXFileReference; fileEncoding = 4; lastKnownFileType = sourcecode.c.objc; path = "NSObject+MJProperty.m"; sourceTree = "<group>"; };
		13B2C5192BE7C79800E22C53 /* MJPropertyType.h */ = {isa = PBXFileReference; fileEncoding = 4; lastKnownFileType = sourcecode.c.h; path = MJPropertyType.h; sourceTree = "<group>"; };
		13B2C51A2BE7C79800E22C53 /* NSObject+MJClass.m */ = {isa = PBXFileReference; fileEncoding = 4; lastKnownFileType = sourcecode.c.objc; path = "NSObject+MJClass.m"; sourceTree = "<group>"; };
		13B2C51B2BE7C79800E22C53 /* NSString+MJExtension.m */ = {isa = PBXFileReference; fileEncoding = 4; lastKnownFileType = sourcecode.c.objc; path = "NSString+MJExtension.m"; sourceTree = "<group>"; };
		13B2C51C2BE7C79800E22C53 /* MJPropertyKey.m */ = {isa = PBXFileReference; fileEncoding = 4; lastKnownFileType = sourcecode.c.objc; path = MJPropertyKey.m; sourceTree = "<group>"; };
		13B2C51D2BE7C79800E22C53 /* MJProperty.h */ = {isa = PBXFileReference; fileEncoding = 4; lastKnownFileType = sourcecode.c.h; path = MJProperty.h; sourceTree = "<group>"; };
		13B2C51E2BE7C79800E22C53 /* NSObject+MJKeyValue.h */ = {isa = PBXFileReference; fileEncoding = 4; lastKnownFileType = sourcecode.c.h; path = "NSObject+MJKeyValue.h"; sourceTree = "<group>"; };
		13B2C51F2BE7C79800E22C53 /* NSObject+MJCoding.h */ = {isa = PBXFileReference; fileEncoding = 4; lastKnownFileType = sourcecode.c.h; path = "NSObject+MJCoding.h"; sourceTree = "<group>"; };
		13B2C5202BE7C79800E22C53 /* MJFoundation.m */ = {isa = PBXFileReference; fileEncoding = 4; lastKnownFileType = sourcecode.c.objc; path = MJFoundation.m; sourceTree = "<group>"; };
		13B2C52E2BE7C8A500E22C53 /* NSDate+Extension.h */ = {isa = PBXFileReference; lastKnownFileType = sourcecode.c.h; path = "NSDate+Extension.h"; sourceTree = "<group>"; };
		13B2C52F2BE7C8A500E22C53 /* NSDate+Extension.m */ = {isa = PBXFileReference; lastKnownFileType = sourcecode.c.objc; path = "NSDate+Extension.m"; sourceTree = "<group>"; };
		13B2C5322BE7D45200E22C53 /* fishhook.c */ = {isa = PBXFileReference; fileEncoding = 4; lastKnownFileType = sourcecode.c.c; path = fishhook.c; sourceTree = "<group>"; };
		13B2C5332BE7D45200E22C53 /* fishhook.h */ = {isa = PBXFileReference; fileEncoding = 4; lastKnownFileType = sourcecode.c.h; path = fishhook.h; sourceTree = "<group>"; };
		13B2C5352BE7D4A600E22C53 /* HookNSLog.h */ = {isa = PBXFileReference; lastKnownFileType = sourcecode.c.h; path = HookNSLog.h; sourceTree = "<group>"; };
/* End PBXFileReference section */

/* Begin PBXFrameworksBuildPhase section */
		13B2C4CA2BE7C30500E22C53 /* Frameworks */ = {
			isa = PBXFrameworksBuildPhase;
			buildActionMask = 2147483647;
			files = (
			);
			runOnlyForDeploymentPostprocessing = 0;
		};
		13B2C4E52BE7C30600E22C53 /* Frameworks */ = {
			isa = PBXFrameworksBuildPhase;
			buildActionMask = 2147483647;
			files = (
			);
			runOnlyForDeploymentPostprocessing = 0;
		};
		13B2C4EF2BE7C30600E22C53 /* Frameworks */ = {
			isa = PBXFrameworksBuildPhase;
			buildActionMask = 2147483647;
			files = (
			);
			runOnlyForDeploymentPostprocessing = 0;
		};
/* End PBXFrameworksBuildPhase section */

/* Begin PBXGroup section */
		13B2C4C42BE7C30500E22C53 = {
			isa = PBXGroup;
			children = (
				13B2C4CF2BE7C30500E22C53 /* YXLog */,
				13B2C4EB2BE7C30600E22C53 /* YXLogTests */,
				13B2C4F52BE7C30600E22C53 /* YXLogUITests */,
				13B2C4CE2BE7C30500E22C53 /* Products */,
			);
			sourceTree = "<group>";
		};
		13B2C4CE2BE7C30500E22C53 /* Products */ = {
			isa = PBXGroup;
			children = (
				13B2C4CD2BE7C30500E22C53 /* YXLog.app */,
				13B2C4E82BE7C30600E22C53 /* YXLogTests.xctest */,
				13B2C4F22BE7C30600E22C53 /* YXLogUITests.xctest */,
			);
			name = Products;
			sourceTree = "<group>";
		};
		13B2C4CF2BE7C30500E22C53 /* YXLog */ = {
			isa = PBXGroup;
			children = (
				13B2C4D02BE7C30500E22C53 /* AppDelegate.h */,
				13B2C4D12BE7C30500E22C53 /* AppDelegate.m */,
				13B2C4D32BE7C30500E22C53 /* SceneDelegate.h */,
				13B2C4D42BE7C30500E22C53 /* SceneDelegate.m */,
				13B2C4D62BE7C30500E22C53 /* ViewController.h */,
				13B2C4D72BE7C30500E22C53 /* ViewController.m */,
				13B2C4D92BE7C30500E22C53 /* Main.storyboard */,
				13B2C4DC2BE7C30500E22C53 /* Assets.xcassets */,
				13B2C4DE2BE7C30500E22C53 /* LaunchScreen.storyboard */,
				13B2C4E12BE7C30500E22C53 /* Info.plist */,
				13B2C4E22BE7C30500E22C53 /* main.m */,
				13B2C5052BE7C40500E22C53 /* YXLog.h */,
				13B2C5062BE7C40500E22C53 /* YXLog.m */,
				13B2C5312BE7D45200E22C53 /* fishhook */,
				13B2C50B2BE7C79800E22C53 /* MJExtension */,
				13B2C52E2BE7C8A500E22C53 /* NSDate+Extension.h */,
				13B2C52F2BE7C8A500E22C53 /* NSDate+Extension.m */,
				13B2C5352BE7D4A600E22C53 /* HookNSLog.h */,
			);
			path = YXLog;
			sourceTree = "<group>";
		};
		13B2C4EB2BE7C30600E22C53 /* YXLogTests */ = {
			isa = PBXGroup;
			children = (
				13B2C4EC2BE7C30600E22C53 /* YXLogTests.m */,
			);
			path = YXLogTests;
			sourceTree = "<group>";
		};
		13B2C4F52BE7C30600E22C53 /* YXLogUITests */ = {
			isa = PBXGroup;
			children = (
				13B2C4F62BE7C30600E22C53 /* YXLogUITests.m */,
				13B2C4F82BE7C30600E22C53 /* YXLogUITestsLaunchTests.m */,
			);
			path = YXLogUITests;
			sourceTree = "<group>";
		};
		13B2C50B2BE7C79800E22C53 /* MJExtension */ = {
			isa = PBXGroup;
			children = (
				13B2C50C2BE7C79800E22C53 /* MJPropertyKey.h */,
				13B2C50D2BE7C79800E22C53 /* NSObject+MJClass.h */,
				13B2C50E2BE7C79800E22C53 /* NSString+MJExtension.h */,
				13B2C50F2BE7C79800E22C53 /* MJPropertyType.m */,
				13B2C5102BE7C79800E22C53 /* NSObject+MJProperty.h */,
				13B2C5112BE7C79800E22C53 /* MJExtensionConst.h */,
				13B2C5122BE7C79800E22C53 /* NSObject+MJKeyValue.m */,
				13B2C5132BE7C79800E22C53 /* MJProperty.m */,
				13B2C5142BE7C79800E22C53 /* MJFoundation.h */,
				13B2C5152BE7C79800E22C53 /* NSObject+MJCoding.m */,
				13B2C5162BE7C79800E22C53 /* MJExtension.h */,
				13B2C5172BE7C79800E22C53 /* MJExtensionConst.m */,
				13B2C5182BE7C79800E22C53 /* NSObject+MJProperty.m */,
				13B2C5192BE7C79800E22C53 /* MJPropertyType.h */,
				13B2C51A2BE7C79800E22C53 /* NSObject+MJClass.m */,
				13B2C51B2BE7C79800E22C53 /* NSString+MJExtension.m */,
				13B2C51C2BE7C79800E22C53 /* MJPropertyKey.m */,
				13B2C51D2BE7C79800E22C53 /* MJProperty.h */,
				13B2C51E2BE7C79800E22C53 /* NSObject+MJKeyValue.h */,
				13B2C51F2BE7C79800E22C53 /* NSObject+MJCoding.h */,
				13B2C5202BE7C79800E22C53 /* MJFoundation.m */,
			);
			path = MJExtension;
			sourceTree = "<group>";
		};
		13B2C5312BE7D45200E22C53 /* fishhook */ = {
			isa = PBXGroup;
			children = (
				13B2C5322BE7D45200E22C53 /* fishhook.c */,
				13B2C5332BE7D45200E22C53 /* fishhook.h */,
			);
			path = fishhook;
			sourceTree = "<group>";
		};
/* End PBXGroup section */

/* Begin PBXNativeTarget section */
		13B2C4CC2BE7C30500E22C53 /* YXLog */ = {
			isa = PBXNativeTarget;
			buildConfigurationList = 13B2C4FC2BE7C30600E22C53 /* Build configuration list for PBXNativeTarget "YXLog" */;
			buildPhases = (
				13B2C4C92BE7C30500E22C53 /* Sources */,
				13B2C4CA2BE7C30500E22C53 /* Frameworks */,
				13B2C4CB2BE7C30500E22C53 /* Resources */,
			);
			buildRules = (
			);
			dependencies = (
			);
			name = YXLog;
			productName = YXLog;
			productReference = 13B2C4CD2BE7C30500E22C53 /* YXLog.app */;
			productType = "com.apple.product-type.application";
		};
		13B2C4E72BE7C30600E22C53 /* YXLogTests */ = {
			isa = PBXNativeTarget;
			buildConfigurationList = 13B2C4FF2BE7C30600E22C53 /* Build configuration list for PBXNativeTarget "YXLogTests" */;
			buildPhases = (
				13B2C4E42BE7C30600E22C53 /* Sources */,
				13B2C4E52BE7C30600E22C53 /* Frameworks */,
				13B2C4E62BE7C30600E22C53 /* Resources */,
			);
			buildRules = (
			);
			dependencies = (
				13B2C4EA2BE7C30600E22C53 /* PBXTargetDependency */,
			);
			name = YXLogTests;
			productName = YXLogTests;
			productReference = 13B2C4E82BE7C30600E22C53 /* YXLogTests.xctest */;
			productType = "com.apple.product-type.bundle.unit-test";
		};
		13B2C4F12BE7C30600E22C53 /* YXLogUITests */ = {
			isa = PBXNativeTarget;
			buildConfigurationList = 13B2C5022BE7C30600E22C53 /* Build configuration list for PBXNativeTarget "YXLogUITests" */;
			buildPhases = (
				13B2C4EE2BE7C30600E22C53 /* Sources */,
				13B2C4EF2BE7C30600E22C53 /* Frameworks */,
				13B2C4F02BE7C30600E22C53 /* Resources */,
			);
			buildRules = (
			);
			dependencies = (
				13B2C4F42BE7C30600E22C53 /* PBXTargetDependency */,
			);
			name = YXLogUITests;
			productName = YXLogUITests;
			productReference = 13B2C4F22BE7C30600E22C53 /* YXLogUITests.xctest */;
			productType = "com.apple.product-type.bundle.ui-testing";
		};
/* End PBXNativeTarget section */

/* Begin PBXProject section */
		13B2C4C52BE7C30500E22C53 /* Project object */ = {
			isa = PBXProject;
			attributes = {
				BuildIndependentTargetsInParallel = 1;
				LastUpgradeCheck = 1500;
				TargetAttributes = {
					13B2C4CC2BE7C30500E22C53 = {
						CreatedOnToolsVersion = 15.0;
					};
					13B2C4E72BE7C30600E22C53 = {
						CreatedOnToolsVersion = 15.0;
						TestTargetID = 13B2C4CC2BE7C30500E22C53;
					};
					13B2C4F12BE7C30600E22C53 = {
						CreatedOnToolsVersion = 15.0;
						TestTargetID = 13B2C4CC2BE7C30500E22C53;
					};
				};
			};
			buildConfigurationList = 13B2C4C82BE7C30500E22C53 /* Build configuration list for PBXProject "YXLog" */;
			compatibilityVersion = "Xcode 14.0";
			developmentRegion = en;
			hasScannedForEncodings = 0;
			knownRegions = (
				en,
				Base,
			);
			mainGroup = 13B2C4C42BE7C30500E22C53;
			productRefGroup = 13B2C4CE2BE7C30500E22C53 /* Products */;
			projectDirPath = "";
			projectRoot = "";
			targets = (
				13B2C4CC2BE7C30500E22C53 /* YXLog */,
				13B2C4E72BE7C30600E22C53 /* YXLogTests */,
				13B2C4F12BE7C30600E22C53 /* YXLogUITests */,
			);
		};
/* End PBXProject section */

/* Begin PBXResourcesBuildPhase section */
		13B2C4CB2BE7C30500E22C53 /* Resources */ = {
			isa = PBXResourcesBuildPhase;
			buildActionMask = 2147483647;
			files = (
				13B2C4E02BE7C30500E22C53 /* LaunchScreen.storyboard in Resources */,
				13B2C4DD2BE7C30500E22C53 /* Assets.xcassets in Resources */,
				13B2C4DB2BE7C30500E22C53 /* Main.storyboard in Resources */,
			);
			runOnlyForDeploymentPostprocessing = 0;
		};
		13B2C4E62BE7C30600E22C53 /* Resources */ = {
			isa = PBXResourcesBuildPhase;
			buildActionMask = 2147483647;
			files = (
			);
			runOnlyForDeploymentPostprocessing = 0;
		};
		13B2C4F02BE7C30600E22C53 /* Resources */ = {
			isa = PBXResourcesBuildPhase;
			buildActionMask = 2147483647;
			files = (
			);
			runOnlyForDeploymentPostprocessing = 0;
		};
/* End PBXResourcesBuildPhase section */

/* Begin PBXSourcesBuildPhase section */
		13B2C4C92BE7C30500E22C53 /* Sources */ = {
			isa = PBXSourcesBuildPhase;
			buildActionMask = 2147483647;
			files = (
				13B2C4D82BE7C30500E22C53 /* ViewController.m in Sources */,
				13B2C5292BE7C79800E22C53 /* MJPropertyKey.m in Sources */,
				13B2C5342BE7D45200E22C53 /* fishhook.c in Sources */,
				13B2C5072BE7C40500E22C53 /* YXLog.m in Sources */,
				13B2C52A2BE7C79800E22C53 /* MJFoundation.m in Sources */,
				13B2C5262BE7C79800E22C53 /* NSObject+MJProperty.m in Sources */,
				13B2C4D22BE7C30500E22C53 /* AppDelegate.m in Sources */,
				13B2C5232BE7C79800E22C53 /* MJProperty.m in Sources */,
				13B2C5222BE7C79800E22C53 /* NSObject+MJKeyValue.m in Sources */,
				13B2C5282BE7C79800E22C53 /* NSString+MJExtension.m in Sources */,
				13B2C5302BE7C8A500E22C53 /* NSDate+Extension.m in Sources */,
				13B2C5242BE7C79800E22C53 /* NSObject+MJCoding.m in Sources */,
				13B2C5252BE7C79800E22C53 /* MJExtensionConst.m in Sources */,
				13B2C5212BE7C79800E22C53 /* MJPropertyType.m in Sources */,
				13B2C5272BE7C79800E22C53 /* NSObject+MJClass.m in Sources */,
				13B2C4E32BE7C30500E22C53 /* main.m in Sources */,
				13B2C4D52BE7C30500E22C53 /* SceneDelegate.m in Sources */,
			);
			runOnlyForDeploymentPostprocessing = 0;
		};
		13B2C4E42BE7C30600E22C53 /* Sources */ = {
			isa = PBXSourcesBuildPhase;
			buildActionMask = 2147483647;
			files = (
				13B2C4ED2BE7C30600E22C53 /* YXLogTests.m in Sources */,
			);
			runOnlyForDeploymentPostprocessing = 0;
		};
		13B2C4EE2BE7C30600E22C53 /* Sources */ = {
			isa = PBXSourcesBuildPhase;
			buildActionMask = 2147483647;
			files = (
				13B2C4F92BE7C30600E22C53 /* YXLogUITestsLaunchTests.m in Sources */,
				13B2C4F72BE7C30600E22C53 /* YXLogUITests.m in Sources */,
			);
			runOnlyForDeploymentPostprocessing = 0;
		};
/* End PBXSourcesBuildPhase section */

/* Begin PBXTargetDependency section */
		13B2C4EA2BE7C30600E22C53 /* PBXTargetDependency */ = {
			isa = PBXTargetDependency;
			target = 13B2C4CC2BE7C30500E22C53 /* YXLog */;
			targetProxy = 13B2C4E92BE7C30600E22C53 /* PBXContainerItemProxy */;
		};
		13B2C4F42BE7C30600E22C53 /* PBXTargetDependency */ = {
			isa = PBXTargetDependency;
			target = 13B2C4CC2BE7C30500E22C53 /* YXLog */;
			targetProxy = 13B2C4F32BE7C30600E22C53 /* PBXContainerItemProxy */;
		};
/* End PBXTargetDependency section */

/* Begin PBXVariantGroup section */
		13B2C4D92BE7C30500E22C53 /* Main.storyboard */ = {
			isa = PBXVariantGroup;
			children = (
				13B2C4DA2BE7C30500E22C53 /* Base */,
			);
			name = Main.storyboard;
			sourceTree = "<group>";
		};
		13B2C4DE2BE7C30500E22C53 /* LaunchScreen.storyboard */ = {
			isa = PBXVariantGroup;
			children = (
				13B2C4DF2BE7C30500E22C53 /* Base */,
			);
			name = LaunchScreen.storyboard;
			sourceTree = "<group>";
		};
/* End PBXVariantGroup section */

/* Begin XCBuildConfiguration section */
		13B2C4FA2BE7C30600E22C53 /* Debug */ = {
			isa = XCBuildConfiguration;
			buildSettings = {
				ALWAYS_SEARCH_USER_PATHS = NO;
				ASSETCATALOG_COMPILER_GENERATE_SWIFT_ASSET_SYMBOL_EXTENSIONS = YES;
				CLANG_ANALYZER_NONNULL = YES;
				CLANG_ANALYZER_NUMBER_OBJECT_CONVERSION = YES_AGGRESSIVE;
				CLANG_CXX_LANGUAGE_STANDARD = "gnu++20";
				CLANG_ENABLE_MODULES = YES;
				CLANG_ENABLE_OBJC_ARC = YES;
				CLANG_ENABLE_OBJC_WEAK = YES;
				CLANG_WARN_BLOCK_CAPTURE_AUTORELEASING = YES;
				CLANG_WARN_BOOL_CONVERSION = YES;
				CLANG_WARN_COMMA = YES;
				CLANG_WARN_CONSTANT_CONVERSION = YES;
				CLANG_WARN_DEPRECATED_OBJC_IMPLEMENTATIONS = YES;
				CLANG_WARN_DIRECT_OBJC_ISA_USAGE = YES_ERROR;
				CLANG_WARN_DOCUMENTATION_COMMENTS = YES;
				CLANG_WARN_EMPTY_BODY = YES;
				CLANG_WARN_ENUM_CONVERSION = YES;
				CLANG_WARN_INFINITE_RECURSION = YES;
				CLANG_WARN_INT_CONVERSION = YES;
				CLANG_WARN_NON_LITERAL_NULL_CONVERSION = YES;
				CLANG_WARN_OBJC_IMPLICIT_RETAIN_SELF = YES;
				CLANG_WARN_OBJC_LITERAL_CONVERSION = YES;
				CLANG_WARN_OBJC_ROOT_CLASS = YES_ERROR;
				CLANG_WARN_QUOTED_INCLUDE_IN_FRAMEWORK_HEADER = YES;
				CLANG_WARN_RANGE_LOOP_ANALYSIS = YES;
				CLANG_WARN_STRICT_PROTOTYPES = YES;
				CLANG_WARN_SUSPICIOUS_MOVE = YES;
				CLANG_WARN_UNGUARDED_AVAILABILITY = YES_AGGRESSIVE;
				CLANG_WARN_UNREACHABLE_CODE = YES;
				CLANG_WARN__DUPLICATE_METHOD_MATCH = YES;
				COPY_PHASE_STRIP = NO;
				DEBUG_INFORMATION_FORMAT = dwarf;
				ENABLE_STRICT_OBJC_MSGSEND = YES;
				ENABLE_TESTABILITY = YES;
				ENABLE_USER_SCRIPT_SANDBOXING = YES;
				GCC_C_LANGUAGE_STANDARD = gnu17;
				GCC_DYNAMIC_NO_PIC = NO;
				GCC_NO_COMMON_BLOCKS = YES;
				GCC_OPTIMIZATION_LEVEL = 0;
				GCC_PREPROCESSOR_DEFINITIONS = (
					"DEBUG=1",
					"$(inherited)",
				);
				GCC_WARN_64_TO_32_BIT_CONVERSION = YES;
				GCC_WARN_ABOUT_RETURN_TYPE = YES_ERROR;
				GCC_WARN_UNDECLARED_SELECTOR = YES;
				GCC_WARN_UNINITIALIZED_AUTOS = YES_AGGRESSIVE;
				GCC_WARN_UNUSED_FUNCTION = YES;
				GCC_WARN_UNUSED_VARIABLE = YES;
				IPHONEOS_DEPLOYMENT_TARGET = 17.0;
				LOCALIZATION_PREFERS_STRING_CATALOGS = YES;
				MTL_ENABLE_DEBUG_INFO = INCLUDE_SOURCE;
				MTL_FAST_MATH = YES;
				ONLY_ACTIVE_ARCH = YES;
				SDKROOT = iphoneos;
			};
			name = Debug;
		};
		13B2C4FB2BE7C30600E22C53 /* Release */ = {
			isa = XCBuildConfiguration;
			buildSettings = {
				ALWAYS_SEARCH_USER_PATHS = NO;
				ASSETCATALOG_COMPILER_GENERATE_SWIFT_ASSET_SYMBOL_EXTENSIONS = YES;
				CLANG_ANALYZER_NONNULL = YES;
				CLANG_ANALYZER_NUMBER_OBJECT_CONVERSION = YES_AGGRESSIVE;
				CLANG_CXX_LANGUAGE_STANDARD = "gnu++20";
				CLANG_ENABLE_MODULES = YES;
				CLANG_ENABLE_OBJC_ARC = YES;
				CLANG_ENABLE_OBJC_WEAK = YES;
				CLANG_WARN_BLOCK_CAPTURE_AUTORELEASING = YES;
				CLANG_WARN_BOOL_CONVERSION = YES;
				CLANG_WARN_COMMA = YES;
				CLANG_WARN_CONSTANT_CONVERSION = YES;
				CLANG_WARN_DEPRECATED_OBJC_IMPLEMENTATIONS = YES;
				CLANG_WARN_DIRECT_OBJC_ISA_USAGE = YES_ERROR;
				CLANG_WARN_DOCUMENTATION_COMMENTS = YES;
				CLANG_WARN_EMPTY_BODY = YES;
				CLANG_WARN_ENUM_CONVERSION = YES;
				CLANG_WARN_INFINITE_RECURSION = YES;
				CLANG_WARN_INT_CONVERSION = YES;
				CLANG_WARN_NON_LITERAL_NULL_CONVERSION = YES;
				CLANG_WARN_OBJC_IMPLICIT_RETAIN_SELF = YES;
				CLANG_WARN_OBJC_LITERAL_CONVERSION = YES;
				CLANG_WARN_OBJC_ROOT_CLASS = YES_ERROR;
				CLANG_WARN_QUOTED_INCLUDE_IN_FRAMEWORK_HEADER = YES;
				CLANG_WARN_RANGE_LOOP_ANALYSIS = YES;
				CLANG_WARN_STRICT_PROTOTYPES = YES;
				CLANG_WARN_SUSPICIOUS_MOVE = YES;
				CLANG_WARN_UNGUARDED_AVAILABILITY = YES_AGGRESSIVE;
				CLANG_WARN_UNREACHABLE_CODE = YES;
				CLANG_WARN__DUPLICATE_METHOD_MATCH = YES;
				COPY_PHASE_STRIP = NO;
				DEBUG_INFORMATION_FORMAT = "dwarf-with-dsym";
				ENABLE_NS_ASSERTIONS = NO;
				ENABLE_STRICT_OBJC_MSGSEND = YES;
				ENABLE_USER_SCRIPT_SANDBOXING = YES;
				GCC_C_LANGUAGE_STANDARD = gnu17;
				GCC_NO_COMMON_BLOCKS = YES;
				GCC_WARN_64_TO_32_BIT_CONVERSION = YES;
				GCC_WARN_ABOUT_RETURN_TYPE = YES_ERROR;
				GCC_WARN_UNDECLARED_SELECTOR = YES;
				GCC_WARN_UNINITIALIZED_AUTOS = YES_AGGRESSIVE;
				GCC_WARN_UNUSED_FUNCTION = YES;
				GCC_WARN_UNUSED_VARIABLE = YES;
				IPHONEOS_DEPLOYMENT_TARGET = 17.0;
				LOCALIZATION_PREFERS_STRING_CATALOGS = YES;
				MTL_ENABLE_DEBUG_INFO = NO;
				MTL_FAST_MATH = YES;
				SDKROOT = iphoneos;
				VALIDATE_PRODUCT = YES;
			};
			name = Release;
		};
		13B2C4FD2BE7C30600E22C53 /* Debug */ = {
			isa = XCBuildConfiguration;
			buildSettings = {
				ASSETCATALOG_COMPILER_APPICON_NAME = AppIcon;
				ASSETCATALOG_COMPILER_GLOBAL_ACCENT_COLOR_NAME = AccentColor;
				CODE_SIGN_STYLE = Automatic;
				CURRENT_PROJECT_VERSION = 1;
				DEVELOPMENT_TEAM = 5FYF96N2C6;
				GENERATE_INFOPLIST_FILE = YES;
				INFOPLIST_FILE = YXLog/Info.plist;
				INFOPLIST_KEY_UIApplicationSupportsIndirectInputEvents = YES;
				INFOPLIST_KEY_UILaunchStoryboardName = LaunchScreen;
				INFOPLIST_KEY_UIMainStoryboardFile = Main;
				INFOPLIST_KEY_UISupportedInterfaceOrientations_iPad = "UIInterfaceOrientationPortrait UIInterfaceOrientationPortraitUpsideDown UIInterfaceOrientationLandscapeLeft UIInterfaceOrientationLandscapeRight";
				INFOPLIST_KEY_UISupportedInterfaceOrientations_iPhone = "UIInterfaceOrientationPortrait UIInterfaceOrientationLandscapeLeft UIInterfaceOrientationLandscapeRight";
				LD_RUNPATH_SEARCH_PATHS = (
					"$(inherited)",
					"@executable_path/Frameworks",
				);
				MARKETING_VERSION = 1.0;
				PRODUCT_BUNDLE_IDENTIFIER = com.yech.YXLog;
				PRODUCT_NAME = "$(TARGET_NAME)";
				SWIFT_EMIT_LOC_STRINGS = YES;
				TARGETED_DEVICE_FAMILY = "1,2";
			};
			name = Debug;
		};
		13B2C4FE2BE7C30600E22C53 /* Release */ = {
			isa = XCBuildConfiguration;
			buildSettings = {
				ASSETCATALOG_COMPILER_APPICON_NAME = AppIcon;
				ASSETCATALOG_COMPILER_GLOBAL_ACCENT_COLOR_NAME = AccentColor;
				CODE_SIGN_STYLE = Automatic;
				CURRENT_PROJECT_VERSION = 1;
				DEVELOPMENT_TEAM = 5FYF96N2C6;
				GENERATE_INFOPLIST_FILE = YES;
				INFOPLIST_FILE = YXLog/Info.plist;
				INFOPLIST_KEY_UIApplicationSupportsIndirectInputEvents = YES;
				INFOPLIST_KEY_UILaunchStoryboardName = LaunchScreen;
				INFOPLIST_KEY_UIMainStoryboardFile = Main;
				INFOPLIST_KEY_UISupportedInterfaceOrientations_iPad = "UIInterfaceOrientationPortrait UIInterfaceOrientationPortraitUpsideDown UIInterfaceOrientationLandscapeLeft UIInterfaceOrientationLandscapeRight";
				INFOPLIST_KEY_UISupportedInterfaceOrientations_iPhone = "UIInterfaceOrientationPortrait UIInterfaceOrientationLandscapeLeft UIInterfaceOrientationLandscapeRight";
				LD_RUNPATH_SEARCH_PATHS = (
					"$(inherited)",
					"@executable_path/Frameworks",
				);
				MARKETING_VERSION = 1.0;
				PRODUCT_BUNDLE_IDENTIFIER = com.yech.YXLog;
				PRODUCT_NAME = "$(TARGET_NAME)";
				SWIFT_EMIT_LOC_STRINGS = YES;
				TARGETED_DEVICE_FAMILY = "1,2";
			};
			name = Release;
		};
		13B2C5002BE7C30600E22C53 /* Debug */ = {
			isa = XCBuildConfiguration;
			buildSettings = {
				BUNDLE_LOADER = "$(TEST_HOST)";
				CODE_SIGN_STYLE = Automatic;
				CURRENT_PROJECT_VERSION = 1;
				DEVELOPMENT_TEAM = 5FYF96N2C6;
				GENERATE_INFOPLIST_FILE = YES;
				IPHONEOS_DEPLOYMENT_TARGET = 17.0;
				MARKETING_VERSION = 1.0;
				PRODUCT_BUNDLE_IDENTIFIER = com.yech.YXLogTests;
				PRODUCT_NAME = "$(TARGET_NAME)";
				SWIFT_EMIT_LOC_STRINGS = NO;
				TARGETED_DEVICE_FAMILY = "1,2";
				TEST_HOST = "$(BUILT_PRODUCTS_DIR)/YXLog.app/$(BUNDLE_EXECUTABLE_FOLDER_PATH)/YXLog";
			};
			name = Debug;
		};
		13B2C5012BE7C30600E22C53 /* Release */ = {
			isa = XCBuildConfiguration;
			buildSettings = {
				BUNDLE_LOADER = "$(TEST_HOST)";
				CODE_SIGN_STYLE = Automatic;
				CURRENT_PROJECT_VERSION = 1;
				DEVELOPMENT_TEAM = 5FYF96N2C6;
				GENERATE_INFOPLIST_FILE = YES;
				IPHONEOS_DEPLOYMENT_TARGET = 17.0;
				MARKETING_VERSION = 1.0;
				PRODUCT_BUNDLE_IDENTIFIER = com.yech.YXLogTests;
				PRODUCT_NAME = "$(TARGET_NAME)";
				SWIFT_EMIT_LOC_STRINGS = NO;
				TARGETED_DEVICE_FAMILY = "1,2";
				TEST_HOST = "$(BUILT_PRODUCTS_DIR)/YXLog.app/$(BUNDLE_EXECUTABLE_FOLDER_PATH)/YXLog";
			};
			name = Release;
		};
		13B2C5032BE7C30600E22C53 /* Debug */ = {
			isa = XCBuildConfiguration;
			buildSettings = {
				CODE_SIGN_STYLE = Automatic;
				CURRENT_PROJECT_VERSION = 1;
				DEVELOPMENT_TEAM = 5FYF96N2C6;
				GENERATE_INFOPLIST_FILE = YES;
				MARKETING_VERSION = 1.0;
				PRODUCT_BUNDLE_IDENTIFIER = com.yech.YXLogUITests;
				PRODUCT_NAME = "$(TARGET_NAME)";
				SWIFT_EMIT_LOC_STRINGS = NO;
				TARGETED_DEVICE_FAMILY = "1,2";
				TEST_TARGET_NAME = YXLog;
			};
			name = Debug;
		};
		13B2C5042BE7C30600E22C53 /* Release */ = {
			isa = XCBuildConfiguration;
			buildSettings = {
				CODE_SIGN_STYLE = Automatic;
				CURRENT_PROJECT_VERSION = 1;
				DEVELOPMENT_TEAM = 5FYF96N2C6;
				GENERATE_INFOPLIST_FILE = YES;
				MARKETING_VERSION = 1.0;
				PRODUCT_BUNDLE_IDENTIFIER = com.yech.YXLogUITests;
				PRODUCT_NAME = "$(TARGET_NAME)";
				SWIFT_EMIT_LOC_STRINGS = NO;
				TARGETED_DEVICE_FAMILY = "1,2";
				TEST_TARGET_NAME = YXLog;
			};
			name = Release;
		};
/* End XCBuildConfiguration section */

/* Begin XCConfigurationList section */
		13B2C4C82BE7C30500E22C53 /* Build configuration list for PBXProject "YXLog" */ = {
			isa = XCConfigurationList;
			buildConfigurations = (
				13B2C4FA2BE7C30600E22C53 /* Debug */,
				13B2C4FB2BE7C30600E22C53 /* Release */,
			);
			defaultConfigurationIsVisible = 0;
			defaultConfigurationName = Release;
		};
		13B2C4FC2BE7C30600E22C53 /* Build configuration list for PBXNativeTarget "YXLog" */ = {
			isa = XCConfigurationList;
			buildConfigurations = (
				13B2C4FD2BE7C30600E22C53 /* Debug */,
				13B2C4FE2BE7C30600E22C53 /* Release */,
			);
			defaultConfigurationIsVisible = 0;
			defaultConfigurationName = Release;
		};
		13B2C4FF2BE7C30600E22C53 /* Build configuration list for PBXNativeTarget "YXLogTests" */ = {
			isa = XCConfigurationList;
			buildConfigurations = (
				13B2C5002BE7C30600E22C53 /* Debug */,
				13B2C5012BE7C30600E22C53 /* Release */,
			);
			defaultConfigurationIsVisible = 0;
			defaultConfigurationName = Release;
		};
		13B2C5022BE7C30600E22C53 /* Build configuration list for PBXNativeTarget "YXLogUITests" */ = {
			isa = XCConfigurationList;
			buildConfigurations = (
				13B2C5032BE7C30600E22C53 /* Debug */,
				13B2C5042BE7C30600E22C53 /* Release */,
			);
			defaultConfigurationIsVisible = 0;
			defaultConfigurationName = Release;
		};
/* End XCConfigurationList section */
	};
	rootObject = 13B2C4C52BE7C30500E22C53 /* Project object */;
}
